
Microsoft Visual Studio Solution File, Format Version 12.00
# Visual Studio Version 16
VisualStudioVersion = 16.0.31729.503
MinimumVisualStudioVersion = 10.0.40219.1
Project("{FAE04EC0-301F-11D3-BF4B-00C04F79EFBC}") = "BarriosEsercizio1", "BarriosEsercizio1\BarriosEsercizio1.csproj", "{4C9468F8-C87C-4C32-B545-4AB499A37998}"
EndProject
Global
	GlobalSection(SolutionConfigurationPlatforms) = preSolution
		Debug|Any CPU = Debug|Any CPU
		Release|Any CPU = Release|Any CPU
	EndGlobalSection
	GlobalSection(ProjectConfigurationPlatforms) = postSolution
		{4C9468F8-C87C-4C32-B545-4AB499A37998}.Debug|Any CPU.ActiveCfg = Debug|Any CPU
		{4C9468F8-C87C-4C32-B545-4AB499A37998}.Debug|Any CPU.Build.0 = Debug|Any CPU
		{4C9468F8-C87C-4C32-B545-4AB499A37998}.Release|Any CPU.ActiveCfg = Release|Any CPU
		{4C9468F8-C87C-4C32-B545-4AB499A37998}.Release|Any CPU.Build.0 = Release|Any CPU
	EndGlobalSection
	GlobalSection(SolutionProperties) = preSolution
		HideSolutionNode = FALSE
	EndGlobalSection
	GlobalSection(ExtensibilityGlobals) = postSolution
		SolutionGuid = {C3EA9262-4A53-42CD-9900-66D786A450A1}
	EndGlobalSection
EndGlobal
